
Microsoft Visual Studio Solution File, Format Version 12.00
# Visual Studio Version 16
VisualStudioVersion = 16.0.29609.76
MinimumVisualStudioVersion = 10.0.40219.1
Project("{2150E333-8FDC-42A3-9474-1A3956D46DE8}") = "01.TianYu.Core", "01.TianYu.Core", "{E0A28BBF-ADBA-4FD0-9F76-72E153182F08}"
EndProject
Project("{9A19103F-16F7-4668-BE54-9A1E7A4F7556}") = "TianYu.Core.Common", "TianYu.Core.Common\TianYu.Core.Common.csproj", "{601C2007-D2DA-426C-A197-A3718899E50E}"
EndProject
Project("{9A19103F-16F7-4668-BE54-9A1E7A4F7556}") = "TianYu.Core.Cache", "TianYu.Core.Cache\TianYu.Core.Cache.csproj", "{749BB81A-47C9-4F07-948C-A13D54F31795}"
EndProject
Project("{2150E333-8FDC-42A3-9474-1A3956D46DE8}") = "02.TianYu.Business", "02.TianYu.Business", "{8F0456D6-625C-4460-AB35-3A83D28E0732}"
EndProject
Project("{2150E333-8FDC-42A3-9474-1A3956D46DE8}") = "03.TianYu.Web", "03.TianYu.Web", "{79902460-A1E4-4BF6-8325-91D19871B1FA}"
EndProject
Project("{9A19103F-16F7-4668-BE54-9A1E7A4F7556}") = "TianYu.Core.Log", "TianYu.Core.Log\TianYu.Core.Log.csproj", "{F701984F-9339-4620-9D85-A968D8E12E87}"
EndProject
Project("{9A19103F-16F7-4668-BE54-9A1E7A4F7556}") = "TianYu.Blog.Service", "TianYu.Blog.Service\TianYu.Blog.Service.csproj", "{668CF89D-FD5F-4F08-840C-A08A934C136A}"
EndProject
Project("{9A19103F-16F7-4668-BE54-9A1E7A4F7556}") = "TianYu.Blog.Domain", "TianYu.Blog.Domain\TianYu.Blog.Domain.csproj", "{D891AB61-7FB7-403C-86E0-6FCC44C1B97E}"
EndProject
Project("{9A19103F-16F7-4668-BE54-9A1E7A4F7556}") = "TianYu.Blog.Infrastructure", "TianYu.Blog.Infrastructure\TianYu.Blog.Infrastructure.csproj", "{678204D5-CA16-4F9C-B419-75CB2F8CE8E5}"
EndProject
Project("{9A19103F-16F7-4668-BE54-9A1E7A4F7556}") = "TianYu.Blog.UnitTest", "TianYu.Blog.UnitTest\TianYu.Blog.UnitTest.csproj", "{F9183B95-4C7D-48F1-B4DA-838FF805C0C0}"
EndProject
Project("{9A19103F-16F7-4668-BE54-9A1E7A4F7556}") = "TianYu.Blog.WebMvc", "TianYu.Blog.WebMvc\TianYu.Blog.WebMvc.csproj", "{E173839A-3B6D-4029-992C-F655BDCB5562}"
EndProject
Project("{9A19103F-16F7-4668-BE54-9A1E7A4F7556}") = "TianYu.Blog.WebApi", "TianYu.Blog.WebApi\TianYu.Blog.WebApi.csproj", "{D5EC366B-3885-4FF6-9C2B-81108028236C}"
EndProject
Project("{9A19103F-16F7-4668-BE54-9A1E7A4F7556}") = "TianYu.Core.DataBase", "TianYu.Core.DataBase\TianYu.Core.DataBase.csproj", "{078A49A7-42A8-4270-B815-D3E3D837AAA7}"
EndProject
Project("{9A19103F-16F7-4668-BE54-9A1E7A4F7556}") = "TianYu.Core.T4Template", "TianYu.Core.T4Template\TianYu.Core.T4Template.csproj", "{F648CBB7-9DD6-4CA3-9F85-09773A2F0AA4}"
EndProject
Project("{9A19103F-16F7-4668-BE54-9A1E7A4F7556}") = "SqlSugar", "SqlSugar\SqlSugar.csproj", "{02ED0F43-26D8-4BB9-84A3-1A90B9AF39B6}"
EndProject
Project("{FAE04EC0-301F-11D3-BF4B-00C04F79EFBC}") = "TianYu.Tools.WebMvc", "TianYu.Tools.WebMvc\TianYu.Tools.WebMvc.csproj", "{23E7B325-E5C6-4F66-9A77-77B961263D1C}"
EndProject
Global
	GlobalSection(SolutionConfigurationPlatforms) = preSolution
		Debug|Any CPU = Debug|Any CPU
		Release|Any CPU = Release|Any CPU
	EndGlobalSection
	GlobalSection(ProjectConfigurationPlatforms) = postSolution
		{601C2007-D2DA-426C-A197-A3718899E50E}.Debug|Any CPU.ActiveCfg = Debug|Any CPU
		{601C2007-D2DA-426C-A197-A3718899E50E}.Debug|Any CPU.Build.0 = Debug|Any CPU
		{601C2007-D2DA-426C-A197-A3718899E50E}.Release|Any CPU.ActiveCfg = Release|Any CPU
		{601C2007-D2DA-426C-A197-A3718899E50E}.Release|Any CPU.Build.0 = Release|Any CPU
		{749BB81A-47C9-4F07-948C-A13D54F31795}.Debug|Any CPU.ActiveCfg = Debug|Any CPU
		{749BB81A-47C9-4F07-948C-A13D54F31795}.Debug|Any CPU.Build.0 = Debug|Any CPU
		{749BB81A-47C9-4F07-948C-A13D54F31795}.Release|Any CPU.ActiveCfg = Release|Any CPU
		{749BB81A-47C9-4F07-948C-A13D54F31795}.Release|Any CPU.Build.0 = Release|Any CPU
		{F701984F-9339-4620-9D85-A968D8E12E87}.Debug|Any CPU.ActiveCfg = Debug|Any CPU
		{F701984F-9339-4620-9D85-A968D8E12E87}.Debug|Any CPU.Build.0 = Debug|Any CPU
		{F701984F-9339-4620-9D85-A968D8E12E87}.Release|Any CPU.ActiveCfg = Release|Any CPU
		{F701984F-9339-4620-9D85-A968D8E12E87}.Release|Any CPU.Build.0 = Release|Any CPU
		{668CF89D-FD5F-4F08-840C-A08A934C136A}.Debug|Any CPU.ActiveCfg = Debug|Any CPU
		{668CF89D-FD5F-4F08-840C-A08A934C136A}.Debug|Any CPU.Build.0 = Debug|Any CPU
		{668CF89D-FD5F-4F08-840C-A08A934C136A}.Release|Any CPU.ActiveCfg = Release|Any CPU
		{668CF89D-FD5F-4F08-840C-A08A934C136A}.Release|Any CPU.Build.0 = Release|Any CPU
		{D891AB61-7FB7-403C-86E0-6FCC44C1B97E}.Debug|Any CPU.ActiveCfg = Debug|Any CPU
		{D891AB61-7FB7-403C-86E0-6FCC44C1B97E}.Debug|Any CPU.Build.0 = Debug|Any CPU
		{D891AB61-7FB7-403C-86E0-6FCC44C1B97E}.Release|Any CPU.ActiveCfg = Release|Any CPU
		{D891AB61-7FB7-403C-86E0-6FCC44C1B97E}.Release|Any CPU.Build.0 = Release|Any CPU
		{678204D5-CA16-4F9C-B419-75CB2F8CE8E5}.Debug|Any CPU.ActiveCfg = Debug|Any CPU
		{678204D5-CA16-4F9C-B419-75CB2F8CE8E5}.Debug|Any CPU.Build.0 = Debug|Any CPU
		{678204D5-CA16-4F9C-B419-75CB2F8CE8E5}.Release|Any CPU.ActiveCfg = Release|Any CPU
		{678204D5-CA16-4F9C-B419-75CB2F8CE8E5}.Release|Any CPU.Build.0 = Release|Any CPU
		{F9183B95-4C7D-48F1-B4DA-838FF805C0C0}.Debug|Any CPU.ActiveCfg = Debug|Any CPU
		{F9183B95-4C7D-48F1-B4DA-838FF805C0C0}.Debug|Any CPU.Build.0 = Debug|Any CPU
		{F9183B95-4C7D-48F1-B4DA-838FF805C0C0}.Release|Any CPU.ActiveCfg = Release|Any CPU
		{F9183B95-4C7D-48F1-B4DA-838FF805C0C0}.Release|Any CPU.Build.0 = Release|Any CPU
		{E173839A-3B6D-4029-992C-F655BDCB5562}.Debug|Any CPU.ActiveCfg = Debug|Any CPU
		{E173839A-3B6D-4029-992C-F655BDCB5562}.Debug|Any CPU.Build.0 = Debug|Any CPU
		{E173839A-3B6D-4029-992C-F655BDCB5562}.Release|Any CPU.ActiveCfg = Release|Any CPU
		{E173839A-3B6D-4029-992C-F655BDCB5562}.Release|Any CPU.Build.0 = Release|Any CPU
		{D5EC366B-3885-4FF6-9C2B-81108028236C}.Debug|Any CPU.ActiveCfg = Debug|Any CPU
		{D5EC366B-3885-4FF6-9C2B-81108028236C}.Debug|Any CPU.Build.0 = Debug|Any CPU
		{D5EC366B-3885-4FF6-9C2B-81108028236C}.Release|Any CPU.ActiveCfg = Release|Any CPU
		{D5EC366B-3885-4FF6-9C2B-81108028236C}.Release|Any CPU.Build.0 = Release|Any CPU
		{078A49A7-42A8-4270-B815-D3E3D837AAA7}.Debug|Any CPU.ActiveCfg = Debug|Any CPU
		{078A49A7-42A8-4270-B815-D3E3D837AAA7}.Debug|Any CPU.Build.0 = Debug|Any CPU
		{078A49A7-42A8-4270-B815-D3E3D837AAA7}.Release|Any CPU.ActiveCfg = Release|Any CPU
		{078A49A7-42A8-4270-B815-D3E3D837AAA7}.Release|Any CPU.Build.0 = Release|Any CPU
		{F648CBB7-9DD6-4CA3-9F85-09773A2F0AA4}.Debug|Any CPU.ActiveCfg = Debug|Any CPU
		{F648CBB7-9DD6-4CA3-9F85-09773A2F0AA4}.Debug|Any CPU.Build.0 = Debug|Any CPU
		{F648CBB7-9DD6-4CA3-9F85-09773A2F0AA4}.Release|Any CPU.ActiveCfg = Release|Any CPU
		{F648CBB7-9DD6-4CA3-9F85-09773A2F0AA4}.Release|Any CPU.Build.0 = Release|Any CPU
		{02ED0F43-26D8-4BB9-84A3-1A90B9AF39B6}.Debug|Any CPU.ActiveCfg = Debug|Any CPU
		{02ED0F43-26D8-4BB9-84A3-1A90B9AF39B6}.Debug|Any CPU.Build.0 = Debug|Any CPU
		{02ED0F43-26D8-4BB9-84A3-1A90B9AF39B6}.Release|Any CPU.ActiveCfg = Release|Any CPU
		{02ED0F43-26D8-4BB9-84A3-1A90B9AF39B6}.Release|Any CPU.Build.0 = Release|Any CPU
		{23E7B325-E5C6-4F66-9A77-77B961263D1C}.Debug|Any CPU.ActiveCfg = Debug|Any CPU
		{23E7B325-E5C6-4F66-9A77-77B961263D1C}.Debug|Any CPU.Build.0 = Debug|Any CPU
		{23E7B325-E5C6-4F66-9A77-77B961263D1C}.Release|Any CPU.ActiveCfg = Release|Any CPU
		{23E7B325-E5C6-4F66-9A77-77B961263D1C}.Release|Any CPU.Build.0 = Release|Any CPU
	EndGlobalSection
	GlobalSection(SolutionProperties) = preSolution
		HideSolutionNode = FALSE
	EndGlobalSection
	GlobalSection(NestedProjects) = preSolution
		{601C2007-D2DA-426C-A197-A3718899E50E} = {E0A28BBF-ADBA-4FD0-9F76-72E153182F08}
		{749BB81A-47C9-4F07-948C-A13D54F31795} = {E0A28BBF-ADBA-4FD0-9F76-72E153182F08}
		{F701984F-9339-4620-9D85-A968D8E12E87} = {E0A28BBF-ADBA-4FD0-9F76-72E153182F08}
		{668CF89D-FD5F-4F08-840C-A08A934C136A} = {8F0456D6-625C-4460-AB35-3A83D28E0732}
		{D891AB61-7FB7-403C-86E0-6FCC44C1B97E} = {8F0456D6-625C-4460-AB35-3A83D28E0732}
		{678204D5-CA16-4F9C-B419-75CB2F8CE8E5} = {8F0456D6-625C-4460-AB35-3A83D28E0732}
		{F9183B95-4C7D-48F1-B4DA-838FF805C0C0} = {79902460-A1E4-4BF6-8325-91D19871B1FA}
		{E173839A-3B6D-4029-992C-F655BDCB5562} = {79902460-A1E4-4BF6-8325-91D19871B1FA}
		{D5EC366B-3885-4FF6-9C2B-81108028236C} = {79902460-A1E4-4BF6-8325-91D19871B1FA}
		{078A49A7-42A8-4270-B815-D3E3D837AAA7} = {E0A28BBF-ADBA-4FD0-9F76-72E153182F08}
		{F648CBB7-9DD6-4CA3-9F85-09773A2F0AA4} = {E0A28BBF-ADBA-4FD0-9F76-72E153182F08}
		{02ED0F43-26D8-4BB9-84A3-1A90B9AF39B6} = {E0A28BBF-ADBA-4FD0-9F76-72E153182F08}
		{23E7B325-E5C6-4F66-9A77-77B961263D1C} = {79902460-A1E4-4BF6-8325-91D19871B1FA}
	EndGlobalSection
	GlobalSection(ExtensibilityGlobals) = postSolution
		SolutionGuid = {89EBE65E-DFA8-4478-9B71-7CE4962EAEAF}
	EndGlobalSection
EndGlobal
